<?xml version="1.0" encoding="utf-8"?>
<Project ToolsVersion="4.0" xmlns="http://schemas.microsoft.com/developer/msbuild/2003">
  <ItemGroup>
    <ClCompile Include="src\vendor\imgui\imgui.cpp" />
    <ClCompile Include="src\vendor\imgui\imgui_demo.cpp" />
    <ClCompile Include="src\vendor\imgui\imgui_draw.cpp" />
    <ClCompile Include="src\vendor\imgui\imgui_impl_glfw.cpp" />
    <ClCompile Include="src\vendor\imgui\imgui_impl_opengl3.cpp" />
    <ClCompile Include="src\vendor\imgui\imgui_widgets.cpp" />
    <ClCompile Include="src\vendor\stb_image\stb_image.cpp" />
    <ClCompile Include="src\app\Zanget3uWorld.cpp" />
    <ClCompile Include="src\app\Breakout.cpp" />
  </ItemGroup>
  <ItemGroup>
    <ClInclude Include="src\vendor\imgui\imconfig.h" />
    <ClInclude Include="src\vendor\imgui\imgui.h" />
    <ClInclude Include="src\vendor\imgui\imgui_impl_glfw.h" />
    <ClInclude Include="src\vendor\imgui\imgui_impl_opengl3.h" />
    <ClInclude Include="src\vendor\imgui\imgui_internal.h" />
    <ClInclude Include="src\vendor\imgui\imstb_rectpack.h" />
    <ClInclude Include="src\vendor\imgui\imstb_textedit.h" />
    <ClInclude Include="src\vendor\imgui\imstb_truetype.h" />
    <ClInclude Include="src\vendor\stb_image\stb_image.h" />
    <ClInclude Include="src\projects\breakout\Game.hpp" />
    <ClInclude Include="src\projects\breakout\GameDisplayManager.hpp" />
    <ClInclude Include="src\projects\breakout\GameLevelCreator.hpp" />
    <ClInclude Include="src\projects\breakout\ResourceManager.hpp" />
    <ClInclude Include="src\projects\breakout\SpriteRenderer.hpp" />
    <ClInclude Include="src\projects\zanget3uWorld\data\GroundData.hpp" />
    <ClInclude Include="src\projects\zanget3uWorld\data\Heightmap.hpp" />
    <ClInclude Include="src\projects\zanget3uWorld\data\LightPositions.hpp" />
    <ClInclude Include="src\projects\zanget3uWorld\data\PlaneData.hpp" />
    <ClInclude Include="src\projects\zanget3uWorld\data\QuaderData.hpp" />
    <ClInclude Include="src\projects\zanget3uWorld\data\RawData.hpp" />
    <ClInclude Include="src\projects\zanget3uWorld\entities\CubemapEntity.hpp" />
    <ClInclude Include="src\projects\zanget3uWorld\entities\EntityManager.hpp" />
    <ClInclude Include="src\projects\zanget3uWorld\entities\GrassEntity.hpp" />
    <ClInclude Include="src\projects\zanget3uWorld\entities\LightEntity.hpp" />
    <ClInclude Include="src\projects\zanget3uWorld\entities\ObjmodelEntity.hpp" />
    <ClInclude Include="src\projects\zanget3uWorld\entities\PlaneEntity.hpp" />
    <ClInclude Include="src\projects\zanget3uWorld\entities\PlayerEntity.hpp" />
    <ClInclude Include="src\projects\zanget3uWorld\entities\RayEntity.hpp" />
    <ClInclude Include="src\projects\zanget3uWorld\entities\TerrainEntity.hpp" />
    <ClInclude Include="src\projects\zanget3uWorld\entities\TreeEntity.hpp" />
    <ClInclude Include="src\projects\zanget3uWorld\functionality\Camera.hpp" />
    <ClInclude Include="src\projects\zanget3uWorld\functionality\MousePicker.hpp" />
    <ClInclude Include="src\projects\zanget3uWorld\model\Basemodel.hpp" />
    <ClInclude Include="src\projects\zanget3uWorld\model\Groundmodel.hpp" />
    <ClInclude Include="src\projects\zanget3uWorld\model\Leafmodel.hpp" />
    <ClInclude Include="src\projects\zanget3uWorld\model\Lightmodel.hpp" />
    <ClInclude Include="src\projects\zanget3uWorld\model\Primitivemodel.hpp" />
    <ClInclude Include="src\projects\zanget3uWorld\model\Standardmodel.hpp" />
    <ClInclude Include="src\core\Cubemap.hpp" />
    <ClInclude Include="src\core\IndexBuffer.hpp" />
    <ClInclude Include="src\core\OpenGLErrorManager.hpp" />
    <ClInclude Include="src\core\Renderer.hpp" />
    <ClInclude Include="src\core\RenderStateManager.hpp" />
    <ClInclude Include="src\core\Shader.hpp" />
    <ClInclude Include="src\core\Texture.hpp" />
    <ClInclude Include="src\core\VertexArray.hpp" />
    <ClInclude Include="src\core\VertexBuffer.hpp" />
    <ClInclude Include="src\core\AudioManager.hpp" />
    <ClInclude Include="src\core\Filemanager.hpp" />
    <ClInclude Include="src\projects\zanget3uWorld\functionality\AssimpLoader.hpp" />
    <ClInclude Include="src\projects\zanget3uWorld\model\Player.hpp" />
    <ClInclude Include="src\projects\zanget3uWorld\functionality\DisplayManager.hpp" />
    <ClInclude Include="src\projects\breakout\GameObject.hpp" />
    <ClInclude Include="src\projects\breakout\BallObject.hpp" />
    <ClInclude Include="src\projects\breakout\ParticleGenerator.hpp" />
  </ItemGroup>
  <ItemGroup>
    <None Include="res\shader\breakout_vs.glsl" />
    <None Include="res\shader\breakout_fs.glsl" />
    <None Include="res\shader\standard_vs.glsl" />
    <None Include="res\shader\cubemap_fs.glsl" />
    <None Include="res\shader\cubemap_vs.glsl" />
    <None Include="res\shader\ground_fs.glsl" />
    <None Include="res\shader\ground_vs.glsl" />
    <None Include="res\shader\leaf_fs.glsl" />
    <None Include="res\shader\leaf_vs.glsl" />
    <None Include="res\shader\lightbulb_fs.glsl" />
    <None Include="res\shader\lightbulb_vs.glsl" />
    <None Include="res\shader\primitive_fs.glsl" />
    <None Include="res\shader\primitive_vs.glsl" />
    <None Include="res\shader\standard_fs.glsl" />
    <None Include="res\levels\basic.level" />
  </ItemGroup>
</Project>